
Microsoft Visual Studio Solution File, Format Version 12.00
# Visual Studio Version 17
VisualStudioVersion = 17.3.32901.215
MinimumVisualStudioVersion = 10.0.40219.1
Project("{FAE04EC0-301F-11D3-BF4B-00C04F79EFBC}") = "LogIn10.UWP", "LogIn10\LogIn10.UWP\LogIn10.UWP.csproj", "{49528A0E-7366-43DE-9472-0376B9ABF589}"
EndProject
Project("{FAE04EC0-301F-11D3-BF4B-00C04F79EFBC}") = "LogIn10.Android", "LogIn10\LogIn10.Android\LogIn10.Android.csproj", "{A13E9EAB-4562-4090-98AD-A3B2D817F98F}"
EndProject
Project("{FAE04EC0-301F-11D3-BF4B-00C04F79EFBC}") = "LogIn10.iOS", "LogIn10\LogIn10.iOS\LogIn10.iOS.csproj", "{20EE098F-1546-4FC0-99FB-AEC6C9C13348}"
EndProject
Project("{FAE04EC0-301F-11D3-BF4B-00C04F79EFBC}") = "LogIn10", "LogIn10\LogIn10\LogIn10.csproj", "{D78B3142-B2EA-498C-96D5-9687613B2CCE}"
EndProject
Global
	GlobalSection(SolutionConfigurationPlatforms) = preSolution
		Debug|Any CPU = Debug|Any CPU
		Debug|ARM = Debug|ARM
		Debug|iPhone = Debug|iPhone
		Debug|iPhoneSimulator = Debug|iPhoneSimulator
		Debug|x64 = Debug|x64
		Debug|x86 = Debug|x86
		Release|Any CPU = Release|Any CPU
		Release|ARM = Release|ARM
		Release|iPhone = Release|iPhone
		Release|iPhoneSimulator = Release|iPhoneSimulator
		Release|x64 = Release|x64
		Release|x86 = Release|x86
	EndGlobalSection
	GlobalSection(ProjectConfigurationPlatforms) = postSolution
		{49528A0E-7366-43DE-9472-0376B9ABF589}.Debug|Any CPU.ActiveCfg = Debug|x64
		{49528A0E-7366-43DE-9472-0376B9ABF589}.Debug|Any CPU.Build.0 = Debug|x64
		{49528A0E-7366-43DE-9472-0376B9ABF589}.Debug|Any CPU.Deploy.0 = Debug|x64
		{49528A0E-7366-43DE-9472-0376B9ABF589}.Debug|ARM.ActiveCfg = Debug|ARM
		{49528A0E-7366-43DE-9472-0376B9ABF589}.Debug|ARM.Build.0 = Debug|ARM
		{49528A0E-7366-43DE-9472-0376B9ABF589}.Debug|ARM.Deploy.0 = Debug|ARM
		{49528A0E-7366-43DE-9472-0376B9ABF589}.Debug|iPhone.ActiveCfg = Debug|x64
		{49528A0E-7366-43DE-9472-0376B9ABF589}.Debug|iPhone.Build.0 = Debug|x64
		{49528A0E-7366-43DE-9472-0376B9ABF589}.Debug|iPhone.Deploy.0 = Debug|x64
		{49528A0E-7366-43DE-9472-0376B9ABF589}.Debug|iPhoneSimulator.ActiveCfg = Debug|x64
		{49528A0E-7366-43DE-9472-0376B9ABF589}.Debug|iPhoneSimulator.Build.0 = Debug|x64
		{49528A0E-7366-43DE-9472-0376B9ABF589}.Debug|iPhoneSimulator.Deploy.0 = Debug|x64
		{49528A0E-7366-43DE-9472-0376B9ABF589}.Debug|x64.ActiveCfg = Debug|x64
		{49528A0E-7366-43DE-9472-0376B9ABF589}.Debug|x64.Build.0 = Debug|x64
		{49528A0E-7366-43DE-9472-0376B9ABF589}.Debug|x64.Deploy.0 = Debug|x64
		{49528A0E-7366-43DE-9472-0376B9ABF589}.Debug|x86.ActiveCfg = Debug|x86
		{49528A0E-7366-43DE-9472-0376B9ABF589}.Debug|x86.Build.0 = Debug|x86
		{49528A0E-7366-43DE-9472-0376B9ABF589}.Debug|x86.Deploy.0 = Debug|x86
		{49528A0E-7366-43DE-9472-0376B9ABF589}.Release|Any CPU.ActiveCfg = Release|x64
		{49528A0E-7366-43DE-9472-0376B9ABF589}.Release|Any CPU.Build.0 = Release|x64
		{49528A0E-7366-43DE-9472-0376B9ABF589}.Release|Any CPU.Deploy.0 = Release|x64
		{49528A0E-7366-43DE-9472-0376B9ABF589}.Release|ARM.ActiveCfg = Release|ARM
		{49528A0E-7366-43DE-9472-0376B9ABF589}.Release|ARM.Build.0 = Release|ARM
		{49528A0E-7366-43DE-9472-0376B9ABF589}.Release|ARM.Deploy.0 = Release|ARM
		{49528A0E-7366-43DE-9472-0376B9ABF589}.Release|iPhone.ActiveCfg = Release|x64
		{49528A0E-7366-43DE-9472-0376B9ABF589}.Release|iPhone.Build.0 = Release|x64
		{49528A0E-7366-43DE-9472-0376B9ABF589}.Release|iPhone.Deploy.0 = Release|x64
		{49528A0E-7366-43DE-9472-0376B9ABF589}.Release|iPhoneSimulator.ActiveCfg = Release|x64
		{49528A0E-7366-43DE-9472-0376B9ABF589}.Release|iPhoneSimulator.Build.0 = Release|x64
		{49528A0E-7366-43DE-9472-0376B9ABF589}.Release|iPhoneSimulator.Deploy.0 = Release|x64
		{49528A0E-7366-43DE-9472-0376B9ABF589}.Release|x64.ActiveCfg = Release|x64
		{49528A0E-7366-43DE-9472-0376B9ABF589}.Release|x64.Build.0 = Release|x64
		{49528A0E-7366-43DE-9472-0376B9ABF589}.Release|x64.Deploy.0 = Release|x64
		{49528A0E-7366-43DE-9472-0376B9ABF589}.Release|x86.ActiveCfg = Release|x86
		{49528A0E-7366-43DE-9472-0376B9ABF589}.Release|x86.Build.0 = Release|x86
		{49528A0E-7366-43DE-9472-0376B9ABF589}.Release|x86.Deploy.0 = Release|x86
		{A13E9EAB-4562-4090-98AD-A3B2D817F98F}.Debug|Any CPU.ActiveCfg = Debug|Any CPU
		{A13E9EAB-4562-4090-98AD-A3B2D817F98F}.Debug|Any CPU.Build.0 = Debug|Any CPU
		{A13E9EAB-4562-4090-98AD-A3B2D817F98F}.Debug|Any CPU.Deploy.0 = Debug|Any CPU
		{A13E9EAB-4562-4090-98AD-A3B2D817F98F}.Debug|ARM.ActiveCfg = Debug|Any CPU
		{A13E9EAB-4562-4090-98AD-A3B2D817F98F}.Debug|ARM.Build.0 = Debug|Any CPU
		{A13E9EAB-4562-4090-98AD-A3B2D817F98F}.Debug|ARM.Deploy.0 = Debug|Any CPU
		{A13E9EAB-4562-4090-98AD-A3B2D817F98F}.Debug|iPhone.ActiveCfg = Debug|Any CPU
		{A13E9EAB-4562-4090-98AD-A3B2D817F98F}.Debug|iPhone.Build.0 = Debug|Any CPU
		{A13E9EAB-4562-4090-98AD-A3B2D817F98F}.Debug|iPhone.Deploy.0 = Debug|Any CPU
		{A13E9EAB-4562-4090-98AD-A3B2D817F98F}.Debug|iPhoneSimulator.ActiveCfg = Debug|Any CPU
		{A13E9EAB-4562-4090-98AD-A3B2D817F98F}.Debug|iPhoneSimulator.Build.0 = Debug|Any CPU
		{A13E9EAB-4562-4090-98AD-A3B2D817F98F}.Debug|iPhoneSimulator.Deploy.0 = Debug|Any CPU
		{A13E9EAB-4562-4090-98AD-A3B2D817F98F}.Debug|x64.ActiveCfg = Debug|Any CPU
		{A13E9EAB-4562-4090-98AD-A3B2D817F98F}.Debug|x64.Build.0 = Debug|Any CPU
		{A13E9EAB-4562-4090-98AD-A3B2D817F98F}.Debug|x64.Deploy.0 = Debug|Any CPU
		{A13E9EAB-4562-4090-98AD-A3B2D817F98F}.Debug|x86.ActiveCfg = Debug|Any CPU
		{A13E9EAB-4562-4090-98AD-A3B2D817F98F}.Debug|x86.Build.0 = Debug|Any CPU
		{A13E9EAB-4562-4090-98AD-A3B2D817F98F}.Debug|x86.Deploy.0 = Debug|Any CPU
		{A13E9EAB-4562-4090-98AD-A3B2D817F98F}.Release|Any CPU.ActiveCfg = Release|Any CPU
		{A13E9EAB-4562-4090-98AD-A3B2D817F98F}.Release|Any CPU.Build.0 = Release|Any CPU
		{A13E9EAB-4562-4090-98AD-A3B2D817F98F}.Release|Any CPU.Deploy.0 = Release|Any CPU
		{A13E9EAB-4562-4090-98AD-A3B2D817F98F}.Release|ARM.ActiveCfg = Release|Any CPU
		{A13E9EAB-4562-4090-98AD-A3B2D817F98F}.Release|ARM.Build.0 = Release|Any CPU
		{A13E9EAB-4562-4090-98AD-A3B2D817F98F}.Release|ARM.Deploy.0 = Release|Any CPU
		{A13E9EAB-4562-4090-98AD-A3B2D817F98F}.Release|iPhone.ActiveCfg = Release|Any CPU
		{A13E9EAB-4562-4090-98AD-A3B2D817F98F}.Release|iPhone.Build.0 = Release|Any CPU
		{A13E9EAB-4562-4090-98AD-A3B2D817F98F}.Release|iPhone.Deploy.0 = Release|Any CPU
		{A13E9EAB-4562-4090-98AD-A3B2D817F98F}.Release|iPhoneSimulator.ActiveCfg = Release|Any CPU
		{A13E9EAB-4562-4090-98AD-A3B2D817F98F}.Release|iPhoneSimulator.Build.0 = Release|Any CPU
		{A13E9EAB-4562-4090-98AD-A3B2D817F98F}.Release|iPhoneSimulator.Deploy.0 = Release|Any CPU
		{A13E9EAB-4562-4090-98AD-A3B2D817F98F}.Release|x64.ActiveCfg = Release|Any CPU
		{A13E9EAB-4562-4090-98AD-A3B2D817F98F}.Release|x64.Build.0 = Release|Any CPU
		{A13E9EAB-4562-4090-98AD-A3B2D817F98F}.Release|x64.Deploy.0 = Release|Any CPU
		{A13E9EAB-4562-4090-98AD-A3B2D817F98F}.Release|x86.ActiveCfg = Release|Any CPU
		{A13E9EAB-4562-4090-98AD-A3B2D817F98F}.Release|x86.Build.0 = Release|Any CPU
		{A13E9EAB-4562-4090-98AD-A3B2D817F98F}.Release|x86.Deploy.0 = Release|Any CPU
		{20EE098F-1546-4FC0-99FB-AEC6C9C13348}.Debug|Any CPU.ActiveCfg = Debug|iPhoneSimulator
		{20EE098F-1546-4FC0-99FB-AEC6C9C13348}.Debug|Any CPU.Build.0 = Debug|iPhoneSimulator
		{20EE098F-1546-4FC0-99FB-AEC6C9C13348}.Debug|Any CPU.Deploy.0 = Debug|iPhoneSimulator
		{20EE098F-1546-4FC0-99FB-AEC6C9C13348}.Debug|ARM.ActiveCfg = Debug|iPhoneSimulator
		{20EE098F-1546-4FC0-99FB-AEC6C9C13348}.Debug|ARM.Build.0 = Debug|iPhoneSimulator
		{20EE098F-1546-4FC0-99FB-AEC6C9C13348}.Debug|ARM.Deploy.0 = Debug|iPhoneSimulator
		{20EE098F-1546-4FC0-99FB-AEC6C9C13348}.Debug|iPhone.ActiveCfg = Debug|iPhone
		{20EE098F-1546-4FC0-99FB-AEC6C9C13348}.Debug|iPhone.Build.0 = Debug|iPhone
		{20EE098F-1546-4FC0-99FB-AEC6C9C13348}.Debug|iPhone.Deploy.0 = Debug|iPhone
		{20EE098F-1546-4FC0-99FB-AEC6C9C13348}.Debug|iPhoneSimulator.ActiveCfg = Debug|iPhoneSimulator
		{20EE098F-1546-4FC0-99FB-AEC6C9C13348}.Debug|iPhoneSimulator.Build.0 = Debug|iPhoneSimulator
		{20EE098F-1546-4FC0-99FB-AEC6C9C13348}.Debug|iPhoneSimulator.Deploy.0 = Debug|iPhoneSimulator
		{20EE098F-1546-4FC0-99FB-AEC6C9C13348}.Debug|x64.ActiveCfg = Debug|iPhone
		{20EE098F-1546-4FC0-99FB-AEC6C9C13348}.Debug|x64.Build.0 = Debug|iPhone
		{20EE098F-1546-4FC0-99FB-AEC6C9C13348}.Debug|x64.Deploy.0 = Debug|iPhone
		{20EE098F-1546-4FC0-99FB-AEC6C9C13348}.Debug|x86.ActiveCfg = Debug|iPhoneSimulator
		{20EE098F-1546-4FC0-99FB-AEC6C9C13348}.Debug|x86.Build.0 = Debug|iPhoneSimulator
		{20EE098F-1546-4FC0-99FB-AEC6C9C13348}.Debug|x86.Deploy.0 = Debug|iPhoneSimulator
		{20EE098F-1546-4FC0-99FB-AEC6C9C13348}.Release|Any CPU.ActiveCfg = Release|iPhoneSimulator
		{20EE098F-1546-4FC0-99FB-AEC6C9C13348}.Release|Any CPU.Build.0 = Release|iPhoneSimulator
		{20EE098F-1546-4FC0-99FB-AEC6C9C13348}.Release|Any CPU.Deploy.0 = Release|iPhoneSimulator
		{20EE098F-1546-4FC0-99FB-AEC6C9C13348}.Release|ARM.ActiveCfg = Release|iPhoneSimulator
		{20EE098F-1546-4FC0-99FB-AEC6C9C13348}.Release|ARM.Build.0 = Release|iPhoneSimulator
		{20EE098F-1546-4FC0-99FB-AEC6C9C13348}.Release|ARM.Deploy.0 = Release|iPhoneSimulator
		{20EE098F-1546-4FC0-99FB-AEC6C9C13348}.Release|iPhone.ActiveCfg = Release|iPhone
		{20EE098F-1546-4FC0-99FB-AEC6C9C13348}.Release|iPhone.Build.0 = Release|iPhone
		{20EE098F-1546-4FC0-99FB-AEC6C9C13348}.Release|iPhone.Deploy.0 = Release|iPhone
		{20EE098F-1546-4FC0-99FB-AEC6C9C13348}.Release|iPhoneSimulator.ActiveCfg = Release|iPhoneSimulator
		{20EE098F-1546-4FC0-99FB-AEC6C9C13348}.Release|iPhoneSimulator.Build.0 = Release|iPhoneSimulator
		{20EE098F-1546-4FC0-99FB-AEC6C9C13348}.Release|iPhoneSimulator.Deploy.0 = Release|iPhoneSimulator
		{20EE098F-1546-4FC0-99FB-AEC6C9C13348}.Release|x64.ActiveCfg = Release|iPhoneSimulator
		{20EE098F-1546-4FC0-99FB-AEC6C9C13348}.Release|x64.Build.0 = Release|iPhoneSimulator
		{20EE098F-1546-4FC0-99FB-AEC6C9C13348}.Release|x64.Deploy.0 = Release|iPhoneSimulator
		{20EE098F-1546-4FC0-99FB-AEC6C9C13348}.Release|x86.ActiveCfg = Release|iPhoneSimulator
		{20EE098F-1546-4FC0-99FB-AEC6C9C13348}.Release|x86.Build.0 = Release|iPhoneSimulator
		{20EE098F-1546-4FC0-99FB-AEC6C9C13348}.Release|x86.Deploy.0 = Release|iPhoneSimulator
		{D78B3142-B2EA-498C-96D5-9687613B2CCE}.Debug|Any CPU.ActiveCfg = Debug|Any CPU
		{D78B3142-B2EA-498C-96D5-9687613B2CCE}.Debug|Any CPU.Build.0 = Debug|Any CPU
		{D78B3142-B2EA-498C-96D5-9687613B2CCE}.Debug|Any CPU.Deploy.0 = Debug|Any CPU
		{D78B3142-B2EA-498C-96D5-9687613B2CCE}.Debug|ARM.ActiveCfg = Debug|Any CPU
		{D78B3142-B2EA-498C-96D5-9687613B2CCE}.Debug|ARM.Build.0 = Debug|Any CPU
		{D78B3142-B2EA-498C-96D5-9687613B2CCE}.Debug|ARM.Deploy.0 = Debug|Any CPU
		{D78B3142-B2EA-498C-96D5-9687613B2CCE}.Debug|iPhone.ActiveCfg = Debug|Any CPU
		{D78B3142-B2EA-498C-96D5-9687613B2CCE}.Debug|iPhone.Build.0 = Debug|Any CPU
		{D78B3142-B2EA-498C-96D5-9687613B2CCE}.Debug|iPhone.Deploy.0 = Debug|Any CPU
		{D78B3142-B2EA-498C-96D5-9687613B2CCE}.Debug|iPhoneSimulator.ActiveCfg = Debug|Any CPU
		{D78B3142-B2EA-498C-96D5-9687613B2CCE}.Debug|iPhoneSimulator.Build.0 = Debug|Any CPU
		{D78B3142-B2EA-498C-96D5-9687613B2CCE}.Debug|iPhoneSimulator.Deploy.0 = Debug|Any CPU
		{D78B3142-B2EA-498C-96D5-9687613B2CCE}.Debug|x64.ActiveCfg = Debug|Any CPU
		{D78B3142-B2EA-498C-96D5-9687613B2CCE}.Debug|x64.Build.0 = Debug|Any CPU
		{D78B3142-B2EA-498C-96D5-9687613B2CCE}.Debug|x64.Deploy.0 = Debug|Any CPU
		{D78B3142-B2EA-498C-96D5-9687613B2CCE}.Debug|x86.ActiveCfg = Debug|Any CPU
		{D78B3142-B2EA-498C-96D5-9687613B2CCE}.Debug|x86.Build.0 = Debug|Any CPU
		{D78B3142-B2EA-498C-96D5-9687613B2CCE}.Debug|x86.Deploy.0 = Debug|Any CPU
		{D78B3142-B2EA-498C-96D5-9687613B2CCE}.Release|Any CPU.ActiveCfg = Release|Any CPU
		{D78B3142-B2EA-498C-96D5-9687613B2CCE}.Release|Any CPU.Build.0 = Release|Any CPU
		{D78B3142-B2EA-498C-96D5-9687613B2CCE}.Release|Any CPU.Deploy.0 = Release|Any CPU
		{D78B3142-B2EA-498C-96D5-9687613B2CCE}.Release|ARM.ActiveCfg = Release|Any CPU
		{D78B3142-B2EA-498C-96D5-9687613B2CCE}.Release|ARM.Build.0 = Release|Any CPU
		{D78B3142-B2EA-498C-96D5-9687613B2CCE}.Release|ARM.Deploy.0 = Release|Any CPU
		{D78B3142-B2EA-498C-96D5-9687613B2CCE}.Release|iPhone.ActiveCfg = Release|Any CPU
		{D78B3142-B2EA-498C-96D5-9687613B2CCE}.Release|iPhone.Build.0 = Release|Any CPU
		{D78B3142-B2EA-498C-96D5-9687613B2CCE}.Release|iPhone.Deploy.0 = Release|Any CPU
		{D78B3142-B2EA-498C-96D5-9687613B2CCE}.Release|iPhoneSimulator.ActiveCfg = Release|Any CPU
		{D78B3142-B2EA-498C-96D5-9687613B2CCE}.Release|iPhoneSimulator.Build.0 = Release|Any CPU
		{D78B3142-B2EA-498C-96D5-9687613B2CCE}.Release|iPhoneSimulator.Deploy.0 = Release|Any CPU
		{D78B3142-B2EA-498C-96D5-9687613B2CCE}.Release|x64.ActiveCfg = Release|Any CPU
		{D78B3142-B2EA-498C-96D5-9687613B2CCE}.Release|x64.Build.0 = Release|Any CPU
		{D78B3142-B2EA-498C-96D5-9687613B2CCE}.Release|x64.Deploy.0 = Release|Any CPU
		{D78B3142-B2EA-498C-96D5-9687613B2CCE}.Release|x86.ActiveCfg = Release|Any CPU
		{D78B3142-B2EA-498C-96D5-9687613B2CCE}.Release|x86.Build.0 = Release|Any CPU
		{D78B3142-B2EA-498C-96D5-9687613B2CCE}.Release|x86.Deploy.0 = Release|Any CPU
	EndGlobalSection
	GlobalSection(SolutionProperties) = preSolution
		HideSolutionNode = FALSE
	EndGlobalSection
	GlobalSection(ExtensibilityGlobals) = postSolution
		SolutionGuid = {B8EA4248-035F-4A49-AC66-EA90430EB310}
	EndGlobalSection
EndGlobal
